
Microsoft Visual Studio Solution File, Format Version 12.00
# Visual Studio Version 16
VisualStudioVersion = 16.0.28407.52
MinimumVisualStudioVersion = 10.0.40219.1
Project("{9A19103F-16F7-4668-BE54-9A1E7A4F7556}") = "ServicioDeCitasUnitTest", "ServicioDeCitasUnitTest\ServicioDeCitasUnitTest.csproj", "{7F2DD753-1DD1-411F-9F32-BCAA52305BB9}"
EndProject
Project("{9A19103F-16F7-4668-BE54-9A1E7A4F7556}") = "ApiGateway", "ApiGateway\ApiGateway.csproj", "{4DB06FD5-4F94-4E8C-9B77-EEA543D2C8B5}"
EndProject
Project("{FAE04EC0-301F-11D3-BF4B-00C04F79EFBC}") = "AuthAPI", "AuthAPI\AuthAPI.csproj", "{46FFB30F-8DB0-4096-9F07-92BC358DFB32}"
EndProject
Project("{FAE04EC0-301F-11D3-BF4B-00C04F79EFBC}") = "AppointmentsAPI", "AppointmentsAPI\AppointmentsAPI.csproj", "{1E7D6466-58D8-44DA-9887-AB2C7E499AAA}"
EndProject
Global
	GlobalSection(SolutionConfigurationPlatforms) = preSolution
		Debug|Any CPU = Debug|Any CPU
		Release|Any CPU = Release|Any CPU
	EndGlobalSection
	GlobalSection(ProjectConfigurationPlatforms) = postSolution
		{7F2DD753-1DD1-411F-9F32-BCAA52305BB9}.Debug|Any CPU.ActiveCfg = Debug|Any CPU
		{7F2DD753-1DD1-411F-9F32-BCAA52305BB9}.Debug|Any CPU.Build.0 = Debug|Any CPU
		{7F2DD753-1DD1-411F-9F32-BCAA52305BB9}.Release|Any CPU.ActiveCfg = Release|Any CPU
		{7F2DD753-1DD1-411F-9F32-BCAA52305BB9}.Release|Any CPU.Build.0 = Release|Any CPU
		{4DB06FD5-4F94-4E8C-9B77-EEA543D2C8B5}.Debug|Any CPU.ActiveCfg = Debug|Any CPU
		{4DB06FD5-4F94-4E8C-9B77-EEA543D2C8B5}.Debug|Any CPU.Build.0 = Debug|Any CPU
		{4DB06FD5-4F94-4E8C-9B77-EEA543D2C8B5}.Release|Any CPU.ActiveCfg = Release|Any CPU
		{4DB06FD5-4F94-4E8C-9B77-EEA543D2C8B5}.Release|Any CPU.Build.0 = Release|Any CPU
		{46FFB30F-8DB0-4096-9F07-92BC358DFB32}.Debug|Any CPU.ActiveCfg = Debug|Any CPU
		{46FFB30F-8DB0-4096-9F07-92BC358DFB32}.Debug|Any CPU.Build.0 = Debug|Any CPU
		{46FFB30F-8DB0-4096-9F07-92BC358DFB32}.Release|Any CPU.ActiveCfg = Release|Any CPU
		{46FFB30F-8DB0-4096-9F07-92BC358DFB32}.Release|Any CPU.Build.0 = Release|Any CPU
		{1E7D6466-58D8-44DA-9887-AB2C7E499AAA}.Debug|Any CPU.ActiveCfg = Debug|Any CPU
		{1E7D6466-58D8-44DA-9887-AB2C7E499AAA}.Debug|Any CPU.Build.0 = Debug|Any CPU
		{1E7D6466-58D8-44DA-9887-AB2C7E499AAA}.Release|Any CPU.ActiveCfg = Release|Any CPU
		{1E7D6466-58D8-44DA-9887-AB2C7E499AAA}.Release|Any CPU.Build.0 = Release|Any CPU
	EndGlobalSection
	GlobalSection(SolutionProperties) = preSolution
		HideSolutionNode = FALSE
	EndGlobalSection
	GlobalSection(ExtensibilityGlobals) = postSolution
		SolutionGuid = {77056DC5-D402-4768-9A4D-900911FE8CFA}
	EndGlobalSection
EndGlobal
